
Microsoft Visual Studio Solution File, Format Version 12.00
# Visual Studio Version 16
VisualStudioVersion = 16.0.29230.47
MinimumVisualStudioVersion = 10.0.40219.1
Project("{FAE04EC0-301F-11D3-BF4B-00C04F79EFBC}") = "BonusAssignment-HTTP5101-B-n01400583", "BonusAssignment-HTTP5101-B-n01400583.csproj", "{88BD2CA9-DD4F-4BC6-A69C-08F14C695E76}"
EndProject
Global
	GlobalSection(SolutionConfigurationPlatforms) = preSolution
		Debug|Any CPU = Debug|Any CPU
		Release|Any CPU = Release|Any CPU
	EndGlobalSection
	GlobalSection(ProjectConfigurationPlatforms) = postSolution
		{88BD2CA9-DD4F-4BC6-A69C-08F14C695E76}.Debug|Any CPU.ActiveCfg = Debug|Any CPU
		{88BD2CA9-DD4F-4BC6-A69C-08F14C695E76}.Debug|Any CPU.Build.0 = Debug|Any CPU
		{88BD2CA9-DD4F-4BC6-A69C-08F14C695E76}.Release|Any CPU.ActiveCfg = Release|Any CPU
		{88BD2CA9-DD4F-4BC6-A69C-08F14C695E76}.Release|Any CPU.Build.0 = Release|Any CPU
	EndGlobalSection
	GlobalSection(SolutionProperties) = preSolution
		HideSolutionNode = FALSE
	EndGlobalSection
	GlobalSection(ExtensibilityGlobals) = postSolution
		SolutionGuid = {B87A5A87-F8C3-4756-9156-700056F87AC3}
	EndGlobalSection
EndGlobal
